{
    "_readme": [
        "This file locks the dependencies of your project to a known state",
        "Read more about it at https://getcomposer.org/doc/01-basic-usage.md#composer-lock-the-lock-file",
        "This file is @generated automatically"
    ],
    "content-hash": "a13461698892c446c1e36eeee4d33d55",
    "packages": [
        {
            "name": "gaswelder/havana",
            "version": "dev-master",
            "source": {
                "type": "git",
                "url": "https://github.com/gaswelder/havana",
                "reference": "70508317d3ebe0092f6018fe2b75831ba4b6f9ad"
            },
            "type": "library",
            "autoload": {
                "files": [
                    "main.php"
                ]
            },
            "license": [
                "MIT"
            ],
            "description": "Nano-framework",
            "time": "2019-07-25T22:48:04+00:00"
        }
    ],
    "packages-dev": [],
    "aliases": [],
    "minimum-stability": "stable",
    "stability-flags": {
        "gaswelder/havana": 20
    },
    "prefer-stable": false,
    "prefer-lowest": false,
    "platform": [],
    "platform-dev": []
}
